// !$*UTF8*$!
{
	archiveVersion = 1;
	classes = {
	};
	objectVersion = 46;
	objects = {

/* Begin PBXBuildFile section */
		CDFB1AEC1BE0DA73007C3F48 /* main.mm in Sources */ = {isa = PBXBuildFile; fileRef = CDFB1AEB1BE0DA73007C3F48 /* main.mm */; };
/* End PBXBuildFile section */

/* Begin PBXCopyFilesBuildPhase section */
		CDFB1AE61BE0DA73007C3F48 /* CopyFiles */ = {
			isa = PBXCopyFilesBuildPhase;
			buildActionMask = 2147483647;
			dstPath = /usr/share/man/man1/;
			dstSubfolderSpec = 0;
			files = (
			);
			runOnlyForDeploymentPostprocessing = 1;
		};
/* End PBXCopyFilesBuildPhase section */

/* Begin PBXFileReference section */
		CDFB1AE81BE0DA73007C3F48 /* DreamStart */ = {isa = PBXFileReference; explicitFileType = "compiled.mach-o.executable"; includeInIndex = 0; path = DreamStart; sourceTree = BUILT_PRODUCTS_DIR; };
		CDFB1AEB1BE0DA73007C3F48 /* main.mm */ = {isa = PBXFileReference; lastKnownFileType = sourcecode.cpp.objcpp; path = main.mm; sourceTree = "<group>"; };
/* End PBXFileReference section */

/* Begin PBXFrameworksBuildPhase section */
		CDFB1AE51BE0DA73007C3F48 /* Frameworks */ = {
			isa = PBXFrameworksBuildPhase;
			buildActionMask = 2147483647;
			files = (
			);
			runOnlyForDeploymentPostprocessing = 0;
		};
/* End PBXFrameworksBuildPhase section */

/* Begin PBXGroup section */
		CDFB1ADF1BE0DA73007C3F48 = {
			isa = PBXGroup;
			children = (
				CDFB1AEA1BE0DA73007C3F48 /* DreamStart */,
				CDFB1AE91BE0DA73007C3F48 /* Products */,
			);
			sourceTree = "<group>";
		};
		CDFB1AE91BE0DA73007C3F48 /* Products */ = {
			isa = PBXGroup;
			children = (
				CDFB1AE81BE0DA73007C3F48 /* DreamStart */,
			);
			name = Products;
			sourceTree = "<group>";
		};
		CDFB1AEA1BE0DA73007C3F48 /* DreamStart */ = {
			isa = PBXGroup;
			children = (
				CDFB1AEB1BE0DA73007C3F48 /* main.mm */,
			);
			path = DreamStart;
			sourceTree = "<group>";
		};
/* End PBXGroup section */

/* Begin PBXNativeTarget section */
		CDFB1AE71BE0DA73007C3F48 /* DreamStart */ = {
			isa = PBXNativeTarget;
			buildConfigurationList = CDFB1AEF1BE0DA73007C3F48 /* Build configuration list for PBXNativeTarget "DreamStart" */;
			buildPhases = (
				CDFB1AE41BE0DA73007C3F48 /* Sources */,
				CDFB1AE51BE0DA73007C3F48 /* Frameworks */,
				CDFB1AE61BE0DA73007C3F48 /* CopyFiles */,
			);
			buildRules = (
			);
			dependencies = (
			);
			name = DreamStart;
			productName = DreamStart;
			productReference = CDFB1AE81BE0DA73007C3F48 /* DreamStart */;
			productType = "com.apple.product-type.tool";
		};
/* End PBXNativeTarget section */

/* Begin PBXProject section */
		CDFB1AE01BE0DA73007C3F48 /* Project object */ = {
			isa = PBXProject;
			attributes = {
				LastUpgradeCheck = 0710;
				ORGANIZATIONNAME = CocoaDream;
				TargetAttributes = {
					CDFB1AE71BE0DA73007C3F48 = {
						CreatedOnToolsVersion = 7.1;
					};
				};
			};
			buildConfigurationList = CDFB1AE31BE0DA73007C3F48 /* Build configuration list for PBXProject "DreamStart" */;
			compatibilityVersion = "Xcode 3.2";
			developmentRegion = English;
			hasScannedForEncodings = 0;
			knownRegions = (
				en,
			);
			mainGroup = CDFB1ADF1BE0DA73007C3F48;
			productRefGroup = CDFB1AE91BE0DA73007C3F48 /* Products */;
			projectDirPath = "";
			projectRoot = "";
			targets = (
				CDFB1AE71BE0DA73007C3F48 /* DreamStart */,
			);
		};
/* End PBXProject section */

/* Begin PBXSourcesBuildPhase section */
		CDFB1AE41BE0DA73007C3F48 /* Sources */ = {
			isa = PBXSourcesBuildPhase;
			buildActionMask = 2147483647;
			files = (
				CDFB1AEC1BE0DA73007C3F48 /* main.mm in Sources */,
			);
			runOnlyForDeploymentPostprocessing = 0;
		};
/* End PBXSourcesBuildPhase section */

/* Begin XCBuildConfiguration section */
		CDFB1AED1BE0DA73007C3F48 /* Debug */ = {
			isa = XCBuildConfiguration;
			buildSettings = {
				ALWAYS_SEARCH_USER_PATHS = NO;
				CLANG_CXX_LANGUAGE_STANDARD = "gnu++0x";
				CLANG_CXX_LIBRARY = "libc++";
				CLANG_ENABLE_MODULES = YES;
				CLANG_ENABLE_OBJC_ARC = YES;
				CLANG_WARN_BOOL_CONVERSION = YES;
				CLANG_WARN_CONSTANT_CONVERSION = YES;
				CLANG_WARN_DIRECT_OBJC_ISA_USAGE = YES_ERROR;
				CLANG_WARN_EMPTY_BODY = YES;
				CLANG_WARN_ENUM_CONVERSION = YES;
				CLANG_WARN_INT_CONVERSION = YES;
				CLANG_WARN_OBJC_ROOT_CLASS = YES_ERROR;
				CLANG_WARN_UNREACHABLE_CODE = YES;
				CLANG_WARN__DUPLICATE_METHOD_MATCH = YES;
				CODE_SIGN_IDENTITY = "-";
				COPY_PHASE_STRIP = NO;
				DEBUG_INFORMATION_FORMAT = dwarf;
				ENABLE_STRICT_OBJC_MSGSEND = YES;
				ENABLE_TESTABILITY = YES;
				GCC_C_LANGUAGE_STANDARD = gnu99;
				GCC_DYNAMIC_NO_PIC = NO;
				GCC_NO_COMMON_BLOCKS = YES;
				GCC_OPTIMIZATION_LEVEL = 0;
				GCC_PREPROCESSOR_DEFINITIONS = (
					"DEBUG=1",
					"$(inherited)",
				);
				GCC_WARN_64_TO_32_BIT_CONVERSION = YES;
				GCC_WARN_ABOUT_RETURN_TYPE = YES_ERROR;
				GCC_WARN_UNDECLARED_SELECTOR = YES;
				GCC_WARN_UNINITIALIZED_AUTOS = YES_AGGRESSIVE;
				GCC_WARN_UNUSED_FUNCTION = YES;
				GCC_WARN_UNUSED_VARIABLE = YES;
				MACOSX_DEPLOYMENT_TARGET = 10.10;
				MTL_ENABLE_DEBUG_INFO = YES;
				ONLY_ACTIVE_ARCH = YES;
				SDKROOT = macosx;
			};
			name = Debug;
		};
		CDFB1AEE1BE0DA73007C3F48 /* Release */ = {
			isa = XCBuildConfiguration;
			buildSettings = {
				ALWAYS_SEARCH_USER_PATHS = NO;
				CLANG_CXX_LANGUAGE_STANDARD = "gnu++0x";
				CLANG_CXX_LIBRARY = "libc++";
				CLANG_ENABLE_MODULES = YES;
				CLANG_ENABLE_OBJC_ARC = YES;
				CLANG_WARN_BOOL_CONVERSION = YES;
				CLANG_WARN_CONSTANT_CONVERSION = YES;
				CLANG_WARN_DIRECT_OBJC_ISA_USAGE = YES_ERROR;
				CLANG_WARN_EMPTY_BODY = YES;
				CLANG_WARN_ENUM_CONVERSION = YES;
				CLANG_WARN_INT_CONVERSION = YES;
				CLANG_WARN_OBJC_ROOT_CLASS = YES_ERROR;
				CLANG_WARN_UNREACHABLE_CODE = YES;
				CLANG_WARN__DUPLICATE_METHOD_MATCH = YES;
				CODE_SIGN_IDENTITY = "-";
				COPY_PHASE_STRIP = NO;
				DEBUG_INFORMATION_FORMAT = "dwarf-with-dsym";
				ENABLE_NS_ASSERTIONS = NO;
				ENABLE_STRICT_OBJC_MSGSEND = YES;
				GCC_C_LANGUAGE_STANDARD = gnu99;
				GCC_NO_COMMON_BLOCKS = YES;
				GCC_WARN_64_TO_32_BIT_CONVERSION = YES;
				GCC_WARN_ABOUT_RETURN_TYPE = YES_ERROR;
				GCC_WARN_UNDECLARED_SELECTOR = YES;
				GCC_WARN_UNINITIALIZED_AUTOS = YES_AGGRESSIVE;
				GCC_WARN_UNUSED_FUNCTION = YES;
				GCC_WARN_UNUSED_VARIABLE = YES;
				MACOSX_DEPLOYMENT_TARGET = 10.10;
				MTL_ENABLE_DEBUG_INFO = NO;
				SDKROOT = macosx;
			};
			name = Release;
		};
		CDFB1AF01BE0DA73007C3F48 /* Debug */ = {
			isa = XCBuildConfiguration;
			buildSettings = {
				PRODUCT_NAME = "$(TARGET_NAME)";
			};
			name = Debug;
		};
		CDFB1AF11BE0DA73007C3F48 /* Release */ = {
			isa = XCBuildConfiguration;
			buildSettings = {
				PRODUCT_NAME = "$(TARGET_NAME)";
			};
			name = Release;
		};
/* End XCBuildConfiguration section */

/* Begin XCConfigurationList section */
		CDFB1AE31BE0DA73007C3F48 /* Build configuration list for PBXProject "DreamStart" */ = {
			isa = XCConfigurationList;
			buildConfigurations = (
				CDFB1AED1BE0DA73007C3F48 /* Debug */,
				CDFB1AEE1BE0DA73007C3F48 /* Release */,
			);
			defaultConfigurationIsVisible = 0;
			defaultConfigurationName = Release;
		};
		CDFB1AEF1BE0DA73007C3F48 /* Build configuration list for PBXNativeTarget "DreamStart" */ = {
			isa = XCConfigurationList;
			buildConfigurations = (
				CDFB1AF01BE0DA73007C3F48 /* Debug */,
				CDFB1AF11BE0DA73007C3F48 /* Release */,
			);
			defaultConfigurationIsVisible = 0;
		};
/* End XCConfigurationList section */
	};
	rootObject = CDFB1AE01BE0DA73007C3F48 /* Project object */;
}
